
Microsoft Visual Studio Solution File, Format Version 12.00
# Visual Studio Version 17
VisualStudioVersion = 17.11.35327.3
MinimumVisualStudioVersion = 10.0.40219.1
Project("{9A19103F-16F7-4668-BE54-9A1E7A4F7556}") = "AccountService.Domain", "AccountService.Domain\AccountService.Domain.csproj", "{F825EC91-39F4-490E-A0B1-281361CED5F6}"
EndProject
Project("{9A19103F-16F7-4668-BE54-9A1E7A4F7556}") = "Common", "Common\Common.csproj", "{18C37D5D-4E51-414C-AAA0-9BFE887E54F2}"
EndProject
Project("{9A19103F-16F7-4668-BE54-9A1E7A4F7556}") = "AccountService.ES", "AccountService.ES\AccountService.ES.csproj", "{4D981CA3-265A-4B0D-B929-4CC4930B8DAB}"
EndProject
Project("{9A19103F-16F7-4668-BE54-9A1E7A4F7556}") = "AccountService.Application.REST", "AccountService.Application.REST\AccountService.Application.REST.csproj", "{A733D8BA-439B-4E4B-B489-349A8DC7A8CF}"
EndProject
Project("{9A19103F-16F7-4668-BE54-9A1E7A4F7556}") = "AccountService.Application.Grpc", "AccountService.Application.Grpc\AccountService.Application.Grpc.csproj", "{50D58272-4689-4FAB-83B4-C8EAFEC4F545}"
EndProject
Project("{9A19103F-16F7-4668-BE54-9A1E7A4F7556}") = "AccountService.ClientGrpc", "AccountService.ClientGrpc\AccountService.ClientGrpc.csproj", "{ECEE40CF-8137-4D20-9C8A-B5C61B4E85E2}"
EndProject
Project("{9A19103F-16F7-4668-BE54-9A1E7A4F7556}") = "CardService.Domain", "CardService.Domain\CardService.Domain.csproj", "{078C2ACE-38F0-4CC3-B488-6C629335E18D}"
EndProject
Project("{9A19103F-16F7-4668-BE54-9A1E7A4F7556}") = "CardService.Infrastructure", "CardService.Infrastructure\CardService.Infrastructure.csproj", "{BB541AB2-A08B-42E0-A6CD-71D1075B41D7}"
EndProject
Project("{9A19103F-16F7-4668-BE54-9A1E7A4F7556}") = "CardService.Application", "CardService.Application\CardService.Application.csproj", "{B83F8CD0-BD2E-487B-BC5B-F707EF79CABA}"
EndProject
Project("{9A19103F-16F7-4668-BE54-9A1E7A4F7556}") = "CardService.ClientRabbitMq", "CardService.ClientRabbitMq\CardService.ClientRabbitMq.csproj", "{CB8DB898-9B33-444B-AA75-568261545DD8}"
EndProject
Project("{FAE04EC0-301F-11D3-BF4B-00C04F79EFBC}") = "WalletService.Domain", "WalletService.Domain\WalletService.Domain.csproj", "{D8D520E4-A76A-44EB-A85C-A14E7F1B1D5F}"
EndProject
Project("{FAE04EC0-301F-11D3-BF4B-00C04F79EFBC}") = "WalletService.Infrastructure.EventStore", "WallletService.Infrastructure.EventStore\WalletService.Infrastructure.EventStore.csproj", "{1A1B8D37-6A8D-4AEE-AB03-B85B5D2EB31B}"
EndProject
Project("{FAE04EC0-301F-11D3-BF4B-00C04F79EFBC}") = "WalletService.Infrastructure.Projection", "WalletService.Infrastructure.Projection\WalletService.Infrastructure.Projection.csproj", "{5125CF28-246A-48B9-BA29-9E1183438C7B}"
EndProject
Project("{FAE04EC0-301F-11D3-BF4B-00C04F79EFBC}") = "WalletService.Application.Command", "WalletService.Application.Command\WalletService.Application.Command.csproj", "{318F57F7-876E-4CB5-89AE-82F7D72ED222}"
EndProject
Project("{FAE04EC0-301F-11D3-BF4B-00C04F79EFBC}") = "WalletService.Application.Query", "WalletService.Applicaiton.Query\WalletService.Application.Query.csproj", "{CE5E00B4-EBF6-4086-AECA-0AE7BC6DF525}"
EndProject
Global
	GlobalSection(SolutionConfigurationPlatforms) = preSolution
		Debug|Any CPU = Debug|Any CPU
		Release|Any CPU = Release|Any CPU
	EndGlobalSection
	GlobalSection(ProjectConfigurationPlatforms) = postSolution
		{F825EC91-39F4-490E-A0B1-281361CED5F6}.Debug|Any CPU.ActiveCfg = Debug|Any CPU
		{F825EC91-39F4-490E-A0B1-281361CED5F6}.Debug|Any CPU.Build.0 = Debug|Any CPU
		{F825EC91-39F4-490E-A0B1-281361CED5F6}.Release|Any CPU.ActiveCfg = Release|Any CPU
		{F825EC91-39F4-490E-A0B1-281361CED5F6}.Release|Any CPU.Build.0 = Release|Any CPU
		{18C37D5D-4E51-414C-AAA0-9BFE887E54F2}.Debug|Any CPU.ActiveCfg = Debug|Any CPU
		{18C37D5D-4E51-414C-AAA0-9BFE887E54F2}.Debug|Any CPU.Build.0 = Debug|Any CPU
		{18C37D5D-4E51-414C-AAA0-9BFE887E54F2}.Release|Any CPU.ActiveCfg = Release|Any CPU
		{18C37D5D-4E51-414C-AAA0-9BFE887E54F2}.Release|Any CPU.Build.0 = Release|Any CPU
		{4D981CA3-265A-4B0D-B929-4CC4930B8DAB}.Debug|Any CPU.ActiveCfg = Debug|Any CPU
		{4D981CA3-265A-4B0D-B929-4CC4930B8DAB}.Debug|Any CPU.Build.0 = Debug|Any CPU
		{4D981CA3-265A-4B0D-B929-4CC4930B8DAB}.Release|Any CPU.ActiveCfg = Release|Any CPU
		{4D981CA3-265A-4B0D-B929-4CC4930B8DAB}.Release|Any CPU.Build.0 = Release|Any CPU
		{A733D8BA-439B-4E4B-B489-349A8DC7A8CF}.Debug|Any CPU.ActiveCfg = Debug|Any CPU
		{A733D8BA-439B-4E4B-B489-349A8DC7A8CF}.Debug|Any CPU.Build.0 = Debug|Any CPU
		{A733D8BA-439B-4E4B-B489-349A8DC7A8CF}.Release|Any CPU.ActiveCfg = Release|Any CPU
		{A733D8BA-439B-4E4B-B489-349A8DC7A8CF}.Release|Any CPU.Build.0 = Release|Any CPU
		{50D58272-4689-4FAB-83B4-C8EAFEC4F545}.Debug|Any CPU.ActiveCfg = Debug|Any CPU
		{50D58272-4689-4FAB-83B4-C8EAFEC4F545}.Debug|Any CPU.Build.0 = Debug|Any CPU
		{50D58272-4689-4FAB-83B4-C8EAFEC4F545}.Release|Any CPU.ActiveCfg = Release|Any CPU
		{50D58272-4689-4FAB-83B4-C8EAFEC4F545}.Release|Any CPU.Build.0 = Release|Any CPU
		{ECEE40CF-8137-4D20-9C8A-B5C61B4E85E2}.Debug|Any CPU.ActiveCfg = Debug|Any CPU
		{ECEE40CF-8137-4D20-9C8A-B5C61B4E85E2}.Debug|Any CPU.Build.0 = Debug|Any CPU
		{ECEE40CF-8137-4D20-9C8A-B5C61B4E85E2}.Release|Any CPU.ActiveCfg = Release|Any CPU
		{ECEE40CF-8137-4D20-9C8A-B5C61B4E85E2}.Release|Any CPU.Build.0 = Release|Any CPU
		{078C2ACE-38F0-4CC3-B488-6C629335E18D}.Debug|Any CPU.ActiveCfg = Debug|Any CPU
		{078C2ACE-38F0-4CC3-B488-6C629335E18D}.Debug|Any CPU.Build.0 = Debug|Any CPU
		{078C2ACE-38F0-4CC3-B488-6C629335E18D}.Release|Any CPU.ActiveCfg = Release|Any CPU
		{078C2ACE-38F0-4CC3-B488-6C629335E18D}.Release|Any CPU.Build.0 = Release|Any CPU
		{BB541AB2-A08B-42E0-A6CD-71D1075B41D7}.Debug|Any CPU.ActiveCfg = Debug|Any CPU
		{BB541AB2-A08B-42E0-A6CD-71D1075B41D7}.Debug|Any CPU.Build.0 = Debug|Any CPU
		{BB541AB2-A08B-42E0-A6CD-71D1075B41D7}.Release|Any CPU.ActiveCfg = Release|Any CPU
		{BB541AB2-A08B-42E0-A6CD-71D1075B41D7}.Release|Any CPU.Build.0 = Release|Any CPU
		{B83F8CD0-BD2E-487B-BC5B-F707EF79CABA}.Debug|Any CPU.ActiveCfg = Debug|Any CPU
		{B83F8CD0-BD2E-487B-BC5B-F707EF79CABA}.Debug|Any CPU.Build.0 = Debug|Any CPU
		{B83F8CD0-BD2E-487B-BC5B-F707EF79CABA}.Release|Any CPU.ActiveCfg = Release|Any CPU
		{B83F8CD0-BD2E-487B-BC5B-F707EF79CABA}.Release|Any CPU.Build.0 = Release|Any CPU
		{CB8DB898-9B33-444B-AA75-568261545DD8}.Debug|Any CPU.ActiveCfg = Debug|Any CPU
		{CB8DB898-9B33-444B-AA75-568261545DD8}.Debug|Any CPU.Build.0 = Debug|Any CPU
		{CB8DB898-9B33-444B-AA75-568261545DD8}.Release|Any CPU.ActiveCfg = Release|Any CPU
		{CB8DB898-9B33-444B-AA75-568261545DD8}.Release|Any CPU.Build.0 = Release|Any CPU
		{D8D520E4-A76A-44EB-A85C-A14E7F1B1D5F}.Debug|Any CPU.ActiveCfg = Debug|Any CPU
		{D8D520E4-A76A-44EB-A85C-A14E7F1B1D5F}.Debug|Any CPU.Build.0 = Debug|Any CPU
		{D8D520E4-A76A-44EB-A85C-A14E7F1B1D5F}.Release|Any CPU.ActiveCfg = Release|Any CPU
		{D8D520E4-A76A-44EB-A85C-A14E7F1B1D5F}.Release|Any CPU.Build.0 = Release|Any CPU
		{1A1B8D37-6A8D-4AEE-AB03-B85B5D2EB31B}.Debug|Any CPU.ActiveCfg = Debug|Any CPU
		{1A1B8D37-6A8D-4AEE-AB03-B85B5D2EB31B}.Debug|Any CPU.Build.0 = Debug|Any CPU
		{1A1B8D37-6A8D-4AEE-AB03-B85B5D2EB31B}.Release|Any CPU.ActiveCfg = Release|Any CPU
		{1A1B8D37-6A8D-4AEE-AB03-B85B5D2EB31B}.Release|Any CPU.Build.0 = Release|Any CPU
		{5125CF28-246A-48B9-BA29-9E1183438C7B}.Debug|Any CPU.ActiveCfg = Debug|Any CPU
		{5125CF28-246A-48B9-BA29-9E1183438C7B}.Debug|Any CPU.Build.0 = Debug|Any CPU
		{5125CF28-246A-48B9-BA29-9E1183438C7B}.Release|Any CPU.ActiveCfg = Release|Any CPU
		{5125CF28-246A-48B9-BA29-9E1183438C7B}.Release|Any CPU.Build.0 = Release|Any CPU
		{318F57F7-876E-4CB5-89AE-82F7D72ED222}.Debug|Any CPU.ActiveCfg = Debug|Any CPU
		{318F57F7-876E-4CB5-89AE-82F7D72ED222}.Debug|Any CPU.Build.0 = Debug|Any CPU
		{318F57F7-876E-4CB5-89AE-82F7D72ED222}.Release|Any CPU.ActiveCfg = Release|Any CPU
		{318F57F7-876E-4CB5-89AE-82F7D72ED222}.Release|Any CPU.Build.0 = Release|Any CPU
		{CE5E00B4-EBF6-4086-AECA-0AE7BC6DF525}.Debug|Any CPU.ActiveCfg = Debug|Any CPU
		{CE5E00B4-EBF6-4086-AECA-0AE7BC6DF525}.Debug|Any CPU.Build.0 = Debug|Any CPU
		{CE5E00B4-EBF6-4086-AECA-0AE7BC6DF525}.Release|Any CPU.ActiveCfg = Release|Any CPU
		{CE5E00B4-EBF6-4086-AECA-0AE7BC6DF525}.Release|Any CPU.Build.0 = Release|Any CPU
	EndGlobalSection
	GlobalSection(SolutionProperties) = preSolution
		HideSolutionNode = FALSE
	EndGlobalSection
	GlobalSection(ExtensibilityGlobals) = postSolution
		SolutionGuid = {EE99CE8D-ED82-4261-9EEB-C1F13F76B69E}
	EndGlobalSection
EndGlobal
